
Microsoft Visual Studio Solution File, Format Version 12.00
# Visual Studio 14
VisualStudioVersion = 14.0.25420.1
MinimumVisualStudioVersion = 10.0.40219.1
Project("{FAE04EC0-301F-11D3-BF4B-00C04F79EFBC}") = "WindowsFormsDesign", "WindowsFormsDesign\WindowsFormsDesign.csproj", "{9F122893-C14A-468B-A39F-8C0895123986}"
EndProject
Project("{FAE04EC0-301F-11D3-BF4B-00C04F79EFBC}") = "MDIApplication", "MDIApplication\MDIApplication.csproj", "{10CC0DA0-0DE9-4B44-A483-9A37951A6AD3}"
EndProject
Project("{FAE04EC0-301F-11D3-BF4B-00C04F79EFBC}") = "DisplayFile", "DisplayFile\DisplayFile.csproj", "{E0B10162-7CAD-4E64-8DEA-39B0A76A5EFF}"
EndProject
Project("{FAE04EC0-301F-11D3-BF4B-00C04F79EFBC}") = "WindowsService1", "FirstService\WindowsService1.csproj", "{95E23646-51DB-44DC-BEF1-196FDEB6EAEA}"
EndProject
Project("{FAE04EC0-301F-11D3-BF4B-00C04F79EFBC}") = "WindowsService", "WindowsService\WindowsService.csproj", "{26742241-AF67-4E5E-A73E-E1B1ABA7932A}"
EndProject
Project("{FAE04EC0-301F-11D3-BF4B-00C04F79EFBC}") = "EventsLifecycle", "EventsLifecycle\EventsLifecycle.csproj", "{EC43E0C0-F729-4121-8007-4C5BCA131CBA}"
EndProject
Global
	GlobalSection(SolutionConfigurationPlatforms) = preSolution
		Debug|Any CPU = Debug|Any CPU
		Release|Any CPU = Release|Any CPU
	EndGlobalSection
	GlobalSection(ProjectConfigurationPlatforms) = postSolution
		{9F122893-C14A-468B-A39F-8C0895123986}.Debug|Any CPU.ActiveCfg = Debug|Any CPU
		{9F122893-C14A-468B-A39F-8C0895123986}.Debug|Any CPU.Build.0 = Debug|Any CPU
		{9F122893-C14A-468B-A39F-8C0895123986}.Release|Any CPU.ActiveCfg = Release|Any CPU
		{9F122893-C14A-468B-A39F-8C0895123986}.Release|Any CPU.Build.0 = Release|Any CPU
		{10CC0DA0-0DE9-4B44-A483-9A37951A6AD3}.Debug|Any CPU.ActiveCfg = Debug|Any CPU
		{10CC0DA0-0DE9-4B44-A483-9A37951A6AD3}.Debug|Any CPU.Build.0 = Debug|Any CPU
		{10CC0DA0-0DE9-4B44-A483-9A37951A6AD3}.Release|Any CPU.ActiveCfg = Release|Any CPU
		{10CC0DA0-0DE9-4B44-A483-9A37951A6AD3}.Release|Any CPU.Build.0 = Release|Any CPU
		{E0B10162-7CAD-4E64-8DEA-39B0A76A5EFF}.Debug|Any CPU.ActiveCfg = Debug|Any CPU
		{E0B10162-7CAD-4E64-8DEA-39B0A76A5EFF}.Debug|Any CPU.Build.0 = Debug|Any CPU
		{E0B10162-7CAD-4E64-8DEA-39B0A76A5EFF}.Release|Any CPU.ActiveCfg = Release|Any CPU
		{E0B10162-7CAD-4E64-8DEA-39B0A76A5EFF}.Release|Any CPU.Build.0 = Release|Any CPU
		{95E23646-51DB-44DC-BEF1-196FDEB6EAEA}.Debug|Any CPU.ActiveCfg = Debug|Any CPU
		{95E23646-51DB-44DC-BEF1-196FDEB6EAEA}.Debug|Any CPU.Build.0 = Debug|Any CPU
		{95E23646-51DB-44DC-BEF1-196FDEB6EAEA}.Release|Any CPU.ActiveCfg = Release|Any CPU
		{95E23646-51DB-44DC-BEF1-196FDEB6EAEA}.Release|Any CPU.Build.0 = Release|Any CPU
		{26742241-AF67-4E5E-A73E-E1B1ABA7932A}.Debug|Any CPU.ActiveCfg = Debug|Any CPU
		{26742241-AF67-4E5E-A73E-E1B1ABA7932A}.Debug|Any CPU.Build.0 = Debug|Any CPU
		{26742241-AF67-4E5E-A73E-E1B1ABA7932A}.Release|Any CPU.ActiveCfg = Release|Any CPU
		{26742241-AF67-4E5E-A73E-E1B1ABA7932A}.Release|Any CPU.Build.0 = Release|Any CPU
		{EC43E0C0-F729-4121-8007-4C5BCA131CBA}.Debug|Any CPU.ActiveCfg = Debug|Any CPU
		{EC43E0C0-F729-4121-8007-4C5BCA131CBA}.Debug|Any CPU.Build.0 = Debug|Any CPU
		{EC43E0C0-F729-4121-8007-4C5BCA131CBA}.Release|Any CPU.ActiveCfg = Release|Any CPU
		{EC43E0C0-F729-4121-8007-4C5BCA131CBA}.Release|Any CPU.Build.0 = Release|Any CPU
	EndGlobalSection
	GlobalSection(SolutionProperties) = preSolution
		HideSolutionNode = FALSE
	EndGlobalSection
EndGlobal
